{
  "name": "autoDeploy",
  "version": "1.0.0",
  "lockfileVersion": 2,
  "requires": true,
  "packages": {
    "": {
      "name": "autoDeploy",
      "version": "1.0.0",
      "license": "MIT",
      "devDependencies": {
        "ora": "^6.1.2",
        "scp2": "^0.5.0"
      }
    },
    "node_modules/ansi-regex": {
      "version": "6.0.1",
      "resolved": "https://npm.raykite.com/ansi-regex/-/ansi-regex-6.0.1.tgz",
      "integrity": "sha1-MYPjj66aZdfLXlOUXNWJfQJgoGo=",
      "dev": true,
      "license": "MIT",
      "engines": {
        "node": ">=12"
      },
      "funding": {
        "url": "https://github.com/chalk/ansi-regex?sponsor=1"
      }
    },
    "node_modules/asn1": {
      "version": "0.2.6",
      "resolved": "https://npm.raykite.com/asn1/-/asn1-0.2.6.tgz",
      "integrity": "sha1-DTp7tuZOAqkMAwOzHykoaOoJoI0=",
      "dev": true,
      "license": "MIT",
      "dependencies": {
        "safer-buffer": "~2.1.0"
      }
    },
    "node_modules/async": {
      "version": "0.9.2",
      "resolved": "https://npm.raykite.com/async/-/async-0.9.2.tgz",
      "integrity": "sha1-rqdNXmHB+JlhO/ZL2mbUx48v0X0=",
      "dev": true,
      "license": "MIT"
    },
    "node_modules/balanced-match": {
      "version": "1.0.2",
      "resolved": "https://npm.raykite.com/balanced-match/-/balanced-match-1.0.2.tgz",
      "integrity": "sha1-6D46fj8wCzTLnYf2FfoMvzV2kO4=",
      "dev": true,
      "license": "MIT"
    },
    "node_modules/base64-js": {
      "version": "1.5.1",
      "resolved": "https://npm.raykite.com/base64-js/-/base64-js-1.5.1.tgz",
      "integrity": "sha1-GxtEAWClv3rUC2UPCVljSBkDkwo=",
      "dev": true,
      "funding": [
        {
          "type": "github",
          "url": "https://github.com/sponsors/feross"
        },
        {
          "type": "patreon",
          "url": "https://www.patreon.com/feross"
        },
        {
          "type": "consulting",
          "url": "https://feross.org/support"
        }
      ],
      "license": "MIT"
    },
    "node_modules/bl": {
      "version": "5.0.0",
      "resolved": "https://npm.raykite.com/bl/-/bl-5.0.0.tgz",
      "integrity": "sha1-aSiASkHp2pA0ho4cUMqI8h9XrqI=",
      "dev": true,
      "license": "MIT",
      "dependencies": {
        "buffer": "^6.0.3",
        "inherits": "^2.0.4",
        "readable-stream": "^3.4.0"
      }
    },
    "node_modules/brace-expansion": {
      "version": "1.1.11",
      "resolved": "https://npm.raykite.com/brace-expansion/-/brace-expansion-1.1.11.tgz",
      "integrity": "sha1-PH/L9SnYcibz0vUrlm/1Jx60Qd0=",
      "dev": true,
      "license": "MIT",
      "dependencies": {
        "balanced-match": "^1.0.0",
        "concat-map": "0.0.1"
      }
    },
    "node_modules/buffer": {
      "version": "6.0.3",
      "resolved": "https://npm.raykite.com/buffer/-/buffer-6.0.3.tgz",
      "integrity": "sha1-Ks5XhFnMj74qcKqo9S7mO2p0xsY=",
      "dev": true,
      "funding": [
        {
          "type": "github",
          "url": "https://github.com/sponsors/feross"
        },
        {
          "type": "patreon",
          "url": "https://www.patreon.com/feross"
        },
        {
          "type": "consulting",
          "url": "https://feross.org/support"
        }
      ],
      "license": "MIT",
      "dependencies": {
        "base64-js": "^1.3.1",
        "ieee754": "^1.2.1"
      }
    },
    "node_modules/chalk": {
      "version": "5.0.1",
      "resolved": "https://npm.raykite.com/chalk/-/chalk-5.0.1.tgz",
      "integrity": "sha512-Fo07WOYGqMfCWHOzSXOt2CxDbC6skS/jO9ynEcmpANMoPrD+W1r1K6Vx7iNm+AQmETU1Xr2t+n8nzkV9t6xh3w==",
      "dev": true,
      "license": "MIT",
      "engines": {
        "node": "^12.17.0 || ^14.13 || >=16.0.0"
      },
      "funding": {
        "url": "https://github.com/chalk/chalk?sponsor=1"
      }
    },
    "node_modules/cli-cursor": {
      "version": "4.0.0",
      "resolved": "https://npm.raykite.com/cli-cursor/-/cli-cursor-4.0.0.tgz",
      "integrity": "sha1-POz+NzS/T+Aqg2HL3A9v4oxqV+o=",
      "dev": true,
      "license": "MIT",
      "dependencies": {
        "restore-cursor": "^4.0.0"
      },
      "engines": {
        "node": "^12.20.0 || ^14.13.1 || >=16.0.0"
      },
      "funding": {
        "url": "https://github.com/sponsors/sindresorhus"
      }
    },
    "node_modules/cli-spinners": {
      "version": "2.7.0",
      "resolved": "https://npm.raykite.com/cli-spinners/-/cli-spinners-2.7.0.tgz",
      "integrity": "sha512-qu3pN8Y3qHNgE2AFweciB1IfMnmZ/fsNTEE+NOFjmGB2F/7rLhnhzppvpCnN4FovtP26k8lHyy9ptEbNwWFLzw==",
      "dev": true,
      "license": "MIT",
      "engines": {
        "node": ">=6"
      },
      "funding": {
        "url": "https://github.com/sponsors/sindresorhus"
      }
    },
    "node_modules/clone": {
      "version": "1.0.4",
      "resolved": "https://npm.raykite.com/clone/-/clone-1.0.4.tgz",
      "integrity": "sha1-2jCcwmPfFZlMaIypAheco8fNfH4=",
      "dev": true,
      "license": "MIT",
      "engines": {
        "node": ">=0.8"
      }
    },
    "node_modules/concat-map": {
      "version": "0.0.1",
      "resolved": "https://npm.raykite.com/concat-map/-/concat-map-0.0.1.tgz",
      "integrity": "sha1-2Klr13/Wjfd5OnMDajug1UBdR3s=",
      "dev": true,
      "license": "MIT"
    },
    "node_modules/core-util-is": {
      "version": "1.0.3",
      "resolved": "https://npm.raykite.com/core-util-is/-/core-util-is-1.0.3.tgz",
      "integrity": "sha1-pgQtNjTCsn6TKPg3uWX6yDgI24U=",
      "dev": true,
      "license": "MIT"
    },
    "node_modules/defaults": {
      "version": "1.0.3",
      "resolved": "https://npm.raykite.com/defaults/-/defaults-1.0.3.tgz",
      "integrity": "sha1-xlYFHpgX2f8I7YgUd/P+QBnz730=",
      "dev": true,
      "license": "MIT",
      "dependencies": {
        "clone": "^1.0.2"
      }
    },
    "node_modules/fs.realpath": {
      "version": "1.0.0",
      "resolved": "https://npm.raykite.com/fs.realpath/-/fs.realpath-1.0.0.tgz",
      "integrity": "sha1-FQStJSMVjKpA20onh8sBQRmU6k8=",
      "dev": true,
      "license": "ISC"
    },
    "node_modules/glob": {
      "version": "7.0.6",
      "resolved": "https://npm.raykite.com/glob/-/glob-7.0.6.tgz",
      "integrity": "sha1-IRuvr0nlJbjNkyYNFKsTYVKz9Xo=",
      "dev": true,
      "license": "ISC",
      "dependencies": {
        "fs.realpath": "^1.0.0",
        "inflight": "^1.0.4",
        "inherits": "2",
        "minimatch": "^3.0.2",
        "once": "^1.3.0",
        "path-is-absolute": "^1.0.0"
      },
      "engines": {
        "node": "*"
      }
    },
    "node_modules/ieee754": {
      "version": "1.2.1",
      "resolved": "https://npm.raykite.com/ieee754/-/ieee754-1.2.1.tgz",
      "integrity": "sha1-jrehCmP/8l0VpXsAFYbRd9Gw01I=",
      "dev": true,
      "funding": [
        {
          "type": "github",
          "url": "https://github.com/sponsors/feross"
        },
        {
          "type": "patreon",
          "url": "https://www.patreon.com/feross"
        },
        {
          "type": "consulting",
          "url": "https://feross.org/support"
        }
      ],
      "license": "BSD-3-Clause"
    },
    "node_modules/inflight": {
      "version": "1.0.6",
      "resolved": "https://npm.raykite.com/inflight/-/inflight-1.0.6.tgz",
      "integrity": "sha1-Sb1jMdfQLQwJvJEKEHW6gWW1bfk=",
      "dev": true,
      "license": "ISC",
      "dependencies": {
        "once": "^1.3.0",
        "wrappy": "1"
      }
    },
    "node_modules/inherits": {
      "version": "2.0.4",
      "resolved": "https://npm.raykite.com/inherits/-/inherits-2.0.4.tgz",
      "integrity": "sha1-D6LGT5MpF8NDOg3tVTY6rjdBa3w=",
      "dev": true,
      "license": "ISC"
    },
    "node_modules/is-interactive": {
      "version": "2.0.0",
      "resolved": "https://npm.raykite.com/is-interactive/-/is-interactive-2.0.0.tgz",
      "integrity": "sha1-QMV2FFk4JtoRAK3mBZd41ZfxbpA=",
      "dev": true,
      "license": "MIT",
      "engines": {
        "node": ">=12"
      },
      "funding": {
        "url": "https://github.com/sponsors/sindresorhus"
      }
    },
    "node_modules/is-unicode-supported": {
      "version": "1.2.0",
      "resolved": "https://npm.raykite.com/is-unicode-supported/-/is-unicode-supported-1.2.0.tgz",
      "integrity": "sha512-wH+U77omcRzevfIG8dDhTS0V9zZyweakfD01FULl97+0EHiJTTZtJqxPSkIIo/SDPv/i07k/C9jAPY+jwLLeUQ==",
      "dev": true,
      "license": "MIT",
      "engines": {
        "node": ">=12"
      },
      "funding": {
        "url": "https://github.com/sponsors/sindresorhus"
      }
    },
    "node_modules/isarray": {
      "version": "0.0.1",
      "resolved": "https://npm.raykite.com/isarray/-/isarray-0.0.1.tgz",
      "integrity": "sha1-ihis/Kmo9Bd+Cav8YDiTmwXR7t8=",
      "dev": true,
      "license": "MIT"
    },
    "node_modules/lodash": {
      "version": "4.11.2",
      "resolved": "https://npm.raykite.com/lodash/-/lodash-4.11.2.tgz",
      "integrity": "sha1-1rQzixEKWOIdrlzrz9u/0rxM2zs=",
      "dev": true,
      "license": "MIT"
    },
    "node_modules/log-symbols": {
      "version": "5.1.0",
      "resolved": "https://npm.raykite.com/log-symbols/-/log-symbols-5.1.0.tgz",
      "integrity": "sha512-l0x2DvrW294C9uDCoQe1VSU4gf529FkSZ6leBl4TiqZH/e+0R7hSfHQBNut2mNygDgHwvYHfFLn6Oxb3VWj2rA==",
      "dev": true,
      "license": "MIT",
      "dependencies": {
        "chalk": "^5.0.0",
        "is-unicode-supported": "^1.1.0"
      },
      "engines": {
        "node": ">=12"
      },
      "funding": {
        "url": "https://github.com/sponsors/sindresorhus"
      }
    },
    "node_modules/mimic-fn": {
      "version": "2.1.0",
      "resolved": "https://npm.raykite.com/mimic-fn/-/mimic-fn-2.1.0.tgz",
      "integrity": "sha1-ftLCzMyvhNP/y3pptXcR/CCDQBs=",
      "dev": true,
      "license": "MIT",
      "engines": {
        "node": ">=6"
      }
    },
    "node_modules/minimatch": {
      "version": "3.1.2",
      "resolved": "https://npm.raykite.com/minimatch/-/minimatch-3.1.2.tgz",
      "integrity": "sha512-J7p63hRiAjw1NDEww1W7i37+ByIrOWO5XQQAzZ3VOcL0PNybwpfmV/N05zFAzwQ9USyEcX6t3UO+K5aqBQOIHw==",
      "dev": true,
      "license": "ISC",
      "dependencies": {
        "brace-expansion": "^1.1.7"
      },
      "engines": {
        "node": "*"
      }
    },
    "node_modules/once": {
      "version": "1.4.0",
      "resolved": "https://npm.raykite.com/once/-/once-1.4.0.tgz",
      "integrity": "sha1-WDsap3WWHUsROsF9nFC6753Xa9E=",
      "dev": true,
      "license": "ISC",
      "dependencies": {
        "wrappy": "1"
      }
    },
    "node_modules/onetime": {
      "version": "5.1.2",
      "resolved": "https://npm.raykite.com/onetime/-/onetime-5.1.2.tgz",
      "integrity": "sha1-0Oluu1awdHbfHdnEgG5SN5hcpF4=",
      "dev": true,
      "license": "MIT",
      "dependencies": {
        "mimic-fn": "^2.1.0"
      },
      "engines": {
        "node": ">=6"
      },
      "funding": {
        "url": "https://github.com/sponsors/sindresorhus"
      }
    },
    "node_modules/ora": {
      "version": "6.1.2",
      "resolved": "https://npm.raykite.com/ora/-/ora-6.1.2.tgz",
      "integrity": "sha512-EJQ3NiP5Xo94wJXIzAyOtSb0QEIAUu7m8t6UZ9krbz0vAJqr92JpcK/lEXg91q6B9pEGqrykkd2EQplnifDSBw==",
      "dev": true,
      "license": "MIT",
      "dependencies": {
        "bl": "^5.0.0",
        "chalk": "^5.0.0",
        "cli-cursor": "^4.0.0",
        "cli-spinners": "^2.6.1",
        "is-interactive": "^2.0.0",
        "is-unicode-supported": "^1.1.0",
        "log-symbols": "^5.1.0",
        "strip-ansi": "^7.0.1",
        "wcwidth": "^1.0.1"
      },
      "engines": {
        "node": "^12.20.0 || ^14.13.1 || >=16.0.0"
      },
      "funding": {
        "url": "https://github.com/sponsors/sindresorhus"
      }
    },
    "node_modules/path-is-absolute": {
      "version": "1.0.1",
      "resolved": "https://npm.raykite.com/path-is-absolute/-/path-is-absolute-1.0.1.tgz",
      "integrity": "sha1-F0uSaHNVNP+8es5r9TpanhtcX18=",
      "dev": true,
      "license": "MIT",
      "engines": {
        "node": ">=0.10.0"
      }
    },
    "node_modules/readable-stream": {
      "version": "3.6.0",
      "resolved": "https://npm.raykite.com/readable-stream/-/readable-stream-3.6.0.tgz",
      "integrity": "sha1-M3u9o63AcGvT4CRCaihtS0sskZg=",
      "dev": true,
      "license": "MIT",
      "dependencies": {
        "inherits": "^2.0.3",
        "string_decoder": "^1.1.1",
        "util-deprecate": "^1.0.1"
      },
      "engines": {
        "node": ">= 6"
      }
    },
    "node_modules/restore-cursor": {
      "version": "4.0.0",
      "resolved": "https://npm.raykite.com/restore-cursor/-/restore-cursor-4.0.0.tgz",
      "integrity": "sha1-UZVgpDGJdQlt725gnUQQDtqkzLk=",
      "dev": true,
      "license": "MIT",
      "dependencies": {
        "onetime": "^5.1.0",
        "signal-exit": "^3.0.2"
      },
      "engines": {
        "node": "^12.20.0 || ^14.13.1 || >=16.0.0"
      },
      "funding": {
        "url": "https://github.com/sponsors/sindresorhus"
      }
    },
    "node_modules/safe-buffer": {
      "version": "5.2.1",
      "resolved": "https://npm.raykite.com/safe-buffer/-/safe-buffer-5.2.1.tgz",
      "integrity": "sha1-Hq+fqb2x/dTsdfWPnNtOa3gn7sY=",
      "dev": true,
      "funding": [
        {
          "type": "github",
          "url": "https://github.com/sponsors/feross"
        },
        {
          "type": "patreon",
          "url": "https://www.patreon.com/feross"
        },
        {
          "type": "consulting",
          "url": "https://feross.org/support"
        }
      ],
      "license": "MIT"
    },
    "node_modules/safer-buffer": {
      "version": "2.1.2",
      "resolved": "https://npm.raykite.com/safer-buffer/-/safer-buffer-2.1.2.tgz",
      "integrity": "sha1-RPoWGwGHuVSd2Eu5GAL5vYOFzWo=",
      "dev": true,
      "license": "MIT"
    },
    "node_modules/scp2": {
      "version": "0.5.0",
      "resolved": "https://npm.raykite.com/scp2/-/scp2-0.5.0.tgz",
      "integrity": "sha512-HzPWuOHM/qVjVYhjmgfBKyUXQsI+9+SdI5l+5E0S98bUHirf1NoTynfrAPb0kr0oJKg/JFdFSlZwq7FnqLttvw==",
      "dev": true,
      "dependencies": {
        "async": "~0.9.0",
        "glob": "~7.0.3",
        "lodash": "~4.11.1",
        "ssh2": "~0.4.10"
      },
      "bin": {
        "scp2": "bin/scp2"
      }
    },
    "node_modules/signal-exit": {
      "version": "3.0.7",
      "resolved": "https://npm.raykite.com/signal-exit/-/signal-exit-3.0.7.tgz",
      "integrity": "sha512-wnD2ZE+l+SPC/uoS0vXeE9L1+0wuaMqKlfz9AMUo38JsyLSBWSFcHR1Rri62LZc12vLr1gb3jl7iwQhgwpAbGQ==",
      "dev": true,
      "license": "ISC"
    },
    "node_modules/ssh2": {
      "version": "0.4.15",
      "resolved": "https://npm.raykite.com/ssh2/-/ssh2-0.4.15.tgz",
      "integrity": "sha1-B8b0EG2fe26m5N9jbGxT8fmBf/g=",
      "dev": true,
      "dependencies": {
        "readable-stream": "~1.0.0",
        "ssh2-streams": "~0.0.22"
      },
      "engines": {
        "node": ">=0.8.7"
      }
    },
    "node_modules/ssh2-streams": {
      "version": "0.0.23",
      "resolved": "https://npm.raykite.com/ssh2-streams/-/ssh2-streams-0.0.23.tgz",
      "integrity": "sha1-ru8wgxu1/Er2qj9tCiYaQTUxYSs=",
      "dev": true,
      "dependencies": {
        "asn1": "~0.2.0",
        "readable-stream": "~1.0.0",
        "streamsearch": "~0.1.2"
      },
      "engines": {
        "node": ">=0.8.7"
      }
    },
    "node_modules/ssh2-streams/node_modules/readable-stream": {
      "version": "1.0.34",
      "resolved": "https://npm.raykite.com/readable-stream/-/readable-stream-1.0.34.tgz",
      "integrity": "sha1-Elgg40vIQtLyqq+v5MKRbuMsFXw=",
      "dev": true,
      "license": "MIT",
      "dependencies": {
        "core-util-is": "~1.0.0",
        "inherits": "~2.0.1",
        "isarray": "0.0.1",
        "string_decoder": "~0.10.x"
      }
    },
    "node_modules/ssh2-streams/node_modules/string_decoder": {
      "version": "0.10.31",
      "resolved": "https://npm.raykite.com/string_decoder/-/string_decoder-0.10.31.tgz",
      "integrity": "sha1-YuIDvEF2bGwoyfyEMB2rHFMQ+pQ=",
      "dev": true,
      "license": "MIT"
    },
    "node_modules/ssh2/node_modules/readable-stream": {
      "version": "1.0.34",
      "resolved": "https://npm.raykite.com/readable-stream/-/readable-stream-1.0.34.tgz",
      "integrity": "sha1-Elgg40vIQtLyqq+v5MKRbuMsFXw=",
      "dev": true,
      "license": "MIT",
      "dependencies": {
        "core-util-is": "~1.0.0",
        "inherits": "~2.0.1",
        "isarray": "0.0.1",
        "string_decoder": "~0.10.x"
      }
    },
    "node_modules/ssh2/node_modules/string_decoder": {
      "version": "0.10.31",
      "resolved": "https://npm.raykite.com/string_decoder/-/string_decoder-0.10.31.tgz",
      "integrity": "sha1-YuIDvEF2bGwoyfyEMB2rHFMQ+pQ=",
      "dev": true,
      "license": "MIT"
    },
    "node_modules/streamsearch": {
      "version": "0.1.2",
      "resolved": "https://npm.raykite.com/streamsearch/-/streamsearch-0.1.2.tgz",
      "integrity": "sha1-gIudDlb8Jz2Am6VzOOkpkZoanxo=",
      "dev": true,
      "engines": {
        "node": ">=0.8.0"
      }
    },
    "node_modules/string_decoder": {
      "version": "1.3.0",
      "resolved": "https://npm.raykite.com/string_decoder/-/string_decoder-1.3.0.tgz",
      "integrity": "sha1-QvEUWUpGzxqOMLCoT1bHjD7awh4=",
      "dev": true,
      "license": "MIT",
      "dependencies": {
        "safe-buffer": "~5.2.0"
      }
    },
    "node_modules/strip-ansi": {
      "version": "7.0.1",
      "resolved": "https://npm.raykite.com/strip-ansi/-/strip-ansi-7.0.1.tgz",
      "integrity": "sha1-YXQKCM42th5Q5lZT8HBg0ACXX7I=",
      "dev": true,
      "license": "MIT",
      "dependencies": {
        "ansi-regex": "^6.0.1"
      },
      "engines": {
        "node": ">=12"
      },
      "funding": {
        "url": "https://github.com/chalk/strip-ansi?sponsor=1"
      }
    },
    "node_modules/util-deprecate": {
      "version": "1.0.2",
      "resolved": "https://npm.raykite.com/util-deprecate/-/util-deprecate-1.0.2.tgz",
      "integrity": "sha1-RQ1Nyfpw3nMnYvvS1KKJgUGaDM8=",
      "dev": true,
      "license": "MIT"
    },
    "node_modules/wcwidth": {
      "version": "1.0.1",
      "resolved": "https://npm.raykite.com/wcwidth/-/wcwidth-1.0.1.tgz",
      "integrity": "sha1-8LDc+RW8X/FSivrbLA4XtTLaL+g=",
      "dev": true,
      "license": "MIT",
      "dependencies": {
        "defaults": "^1.0.3"
      }
    },
    "node_modules/wrappy": {
      "version": "1.0.2",
      "resolved": "https://npm.raykite.com/wrappy/-/wrappy-1.0.2.tgz",
      "integrity": "sha1-tSQ9jz7BqjXxNkYFvA0QNuMKtp8=",
      "dev": true,
      "license": "ISC"
    }
  },
  "dependencies": {
    "ansi-regex": {
      "version": "6.0.1",
      "resolved": "https://npm.raykite.com/ansi-regex/-/ansi-regex-6.0.1.tgz",
      "integrity": "sha1-MYPjj66aZdfLXlOUXNWJfQJgoGo=",
      "dev": true
    },
    "asn1": {
      "version": "0.2.6",
      "resolved": "https://npm.raykite.com/asn1/-/asn1-0.2.6.tgz",
      "integrity": "sha1-DTp7tuZOAqkMAwOzHykoaOoJoI0=",
      "dev": true,
      "requires": {
        "safer-buffer": "~2.1.0"
      }
    },
    "async": {
      "version": "0.9.2",
      "resolved": "https://npm.raykite.com/async/-/async-0.9.2.tgz",
      "integrity": "sha1-rqdNXmHB+JlhO/ZL2mbUx48v0X0=",
      "dev": true
    },
    "balanced-match": {
      "version": "1.0.2",
      "resolved": "https://npm.raykite.com/balanced-match/-/balanced-match-1.0.2.tgz",
      "integrity": "sha1-6D46fj8wCzTLnYf2FfoMvzV2kO4=",
      "dev": true
    },
    "base64-js": {
      "version": "1.5.1",
      "resolved": "https://npm.raykite.com/base64-js/-/base64-js-1.5.1.tgz",
      "integrity": "sha1-GxtEAWClv3rUC2UPCVljSBkDkwo=",
      "dev": true
    },
    "bl": {
      "version": "5.0.0",
      "resolved": "https://npm.raykite.com/bl/-/bl-5.0.0.tgz",
      "integrity": "sha1-aSiASkHp2pA0ho4cUMqI8h9XrqI=",
      "dev": true,
      "requires": {
        "buffer": "^6.0.3",
        "inherits": "^2.0.4",
        "readable-stream": "^3.4.0"
      }
    },
    "brace-expansion": {
      "version": "1.1.11",
      "resolved": "https://npm.raykite.com/brace-expansion/-/brace-expansion-1.1.11.tgz",
      "integrity": "sha1-PH/L9SnYcibz0vUrlm/1Jx60Qd0=",
      "dev": true,
      "requires": {
        "balanced-match": "^1.0.0",
        "concat-map": "0.0.1"
      }
    },
    "buffer": {
      "version": "6.0.3",
      "resolved": "https://npm.raykite.com/buffer/-/buffer-6.0.3.tgz",
      "integrity": "sha1-Ks5XhFnMj74qcKqo9S7mO2p0xsY=",
      "dev": true,
      "requires": {
        "base64-js": "^1.3.1",
        "ieee754": "^1.2.1"
      }
    },
    "chalk": {
      "version": "5.0.1",
      "resolved": "https://npm.raykite.com/chalk/-/chalk-5.0.1.tgz",
      "integrity": "sha512-Fo07WOYGqMfCWHOzSXOt2CxDbC6skS/jO9ynEcmpANMoPrD+W1r1K6Vx7iNm+AQmETU1Xr2t+n8nzkV9t6xh3w==",
      "dev": true
    },
    "cli-cursor": {
      "version": "4.0.0",
      "resolved": "https://npm.raykite.com/cli-cursor/-/cli-cursor-4.0.0.tgz",
      "integrity": "sha1-POz+NzS/T+Aqg2HL3A9v4oxqV+o=",
      "dev": true,
      "requires": {
        "restore-cursor": "^4.0.0"
      }
    },
    "cli-spinners": {
      "version": "2.7.0",
      "resolved": "https://npm.raykite.com/cli-spinners/-/cli-spinners-2.7.0.tgz",
      "integrity": "sha512-qu3pN8Y3qHNgE2AFweciB1IfMnmZ/fsNTEE+NOFjmGB2F/7rLhnhzppvpCnN4FovtP26k8lHyy9ptEbNwWFLzw==",
      "dev": true
    },
    "clone": {
      "version": "1.0.4",
      "resolved": "https://npm.raykite.com/clone/-/clone-1.0.4.tgz",
      "integrity": "sha1-2jCcwmPfFZlMaIypAheco8fNfH4=",
      "dev": true
    },
    "concat-map": {
      "version": "0.0.1",
      "resolved": "https://npm.raykite.com/concat-map/-/concat-map-0.0.1.tgz",
      "integrity": "sha1-2Klr13/Wjfd5OnMDajug1UBdR3s=",
      "dev": true
    },
    "core-util-is": {
      "version": "1.0.3",
      "resolved": "https://npm.raykite.com/core-util-is/-/core-util-is-1.0.3.tgz",
      "integrity": "sha1-pgQtNjTCsn6TKPg3uWX6yDgI24U=",
      "dev": true
    },
    "defaults": {
      "version": "1.0.3",
      "resolved": "https://npm.raykite.com/defaults/-/defaults-1.0.3.tgz",
      "integrity": "sha1-xlYFHpgX2f8I7YgUd/P+QBnz730=",
      "dev": true,
      "requires": {
        "clone": "^1.0.2"
      }
    },
    "fs.realpath": {
      "version": "1.0.0",
      "resolved": "https://npm.raykite.com/fs.realpath/-/fs.realpath-1.0.0.tgz",
      "integrity": "sha1-FQStJSMVjKpA20onh8sBQRmU6k8=",
      "dev": true
    },
    "glob": {
      "version": "7.0.6",
      "resolved": "https://npm.raykite.com/glob/-/glob-7.0.6.tgz",
      "integrity": "sha1-IRuvr0nlJbjNkyYNFKsTYVKz9Xo=",
      "dev": true,
      "requires": {
        "fs.realpath": "^1.0.0",
        "inflight": "^1.0.4",
        "inherits": "2",
        "minimatch": "^3.0.2",
        "once": "^1.3.0",
        "path-is-absolute": "^1.0.0"
      }
    },
    "ieee754": {
      "version": "1.2.1",
      "resolved": "https://npm.raykite.com/ieee754/-/ieee754-1.2.1.tgz",
      "integrity": "sha1-jrehCmP/8l0VpXsAFYbRd9Gw01I=",
      "dev": true
    },
    "inflight": {
      "version": "1.0.6",
      "resolved": "https://npm.raykite.com/inflight/-/inflight-1.0.6.tgz",
      "integrity": "sha1-Sb1jMdfQLQwJvJEKEHW6gWW1bfk=",
      "dev": true,
      "requires": {
        "once": "^1.3.0",
        "wrappy": "1"
      }
    },
    "inherits": {
      "version": "2.0.4",
      "resolved": "https://npm.raykite.com/inherits/-/inherits-2.0.4.tgz",
      "integrity": "sha1-D6LGT5MpF8NDOg3tVTY6rjdBa3w=",
      "dev": true
    },
    "is-interactive": {
      "version": "2.0.0",
      "resolved": "https://npm.raykite.com/is-interactive/-/is-interactive-2.0.0.tgz",
      "integrity": "sha1-QMV2FFk4JtoRAK3mBZd41ZfxbpA=",
      "dev": true
    },
    "is-unicode-supported": {
      "version": "1.2.0",
      "resolved": "https://npm.raykite.com/is-unicode-supported/-/is-unicode-supported-1.2.0.tgz",
      "integrity": "sha512-wH+U77omcRzevfIG8dDhTS0V9zZyweakfD01FULl97+0EHiJTTZtJqxPSkIIo/SDPv/i07k/C9jAPY+jwLLeUQ==",
      "dev": true
    },
    "isarray": {
      "version": "0.0.1",
      "resolved": "https://npm.raykite.com/isarray/-/isarray-0.0.1.tgz",
      "integrity": "sha1-ihis/Kmo9Bd+Cav8YDiTmwXR7t8=",
      "dev": true
    },
    "lodash": {
      "version": "4.11.2",
      "resolved": "https://npm.raykite.com/lodash/-/lodash-4.11.2.tgz",
      "integrity": "sha1-1rQzixEKWOIdrlzrz9u/0rxM2zs=",
      "dev": true
    },
    "log-symbols": {
      "version": "5.1.0",
      "resolved": "https://npm.raykite.com/log-symbols/-/log-symbols-5.1.0.tgz",
      "integrity": "sha512-l0x2DvrW294C9uDCoQe1VSU4gf529FkSZ6leBl4TiqZH/e+0R7hSfHQBNut2mNygDgHwvYHfFLn6Oxb3VWj2rA==",
      "dev": true,
      "requires": {
        "chalk": "^5.0.0",
        "is-unicode-supported": "^1.1.0"
      }
    },
    "mimic-fn": {
      "version": "2.1.0",
      "resolved": "https://npm.raykite.com/mimic-fn/-/mimic-fn-2.1.0.tgz",
      "integrity": "sha1-ftLCzMyvhNP/y3pptXcR/CCDQBs=",
      "dev": true
    },
    "minimatch": {
      "version": "3.1.2",
      "resolved": "https://npm.raykite.com/minimatch/-/minimatch-3.1.2.tgz",
      "integrity": "sha512-J7p63hRiAjw1NDEww1W7i37+ByIrOWO5XQQAzZ3VOcL0PNybwpfmV/N05zFAzwQ9USyEcX6t3UO+K5aqBQOIHw==",
      "dev": true,
      "requires": {
        "brace-expansion": "^1.1.7"
      }
    },
    "once": {
      "version": "1.4.0",
      "resolved": "https://npm.raykite.com/once/-/once-1.4.0.tgz",
      "integrity": "sha1-WDsap3WWHUsROsF9nFC6753Xa9E=",
      "dev": true,
      "requires": {
        "wrappy": "1"
      }
    },
    "onetime": {
      "version": "5.1.2",
      "resolved": "https://npm.raykite.com/onetime/-/onetime-5.1.2.tgz",
      "integrity": "sha1-0Oluu1awdHbfHdnEgG5SN5hcpF4=",
      "dev": true,
      "requires": {
        "mimic-fn": "^2.1.0"
      }
    },
    "ora": {
      "version": "6.1.2",
      "resolved": "https://npm.raykite.com/ora/-/ora-6.1.2.tgz",
      "integrity": "sha512-EJQ3NiP5Xo94wJXIzAyOtSb0QEIAUu7m8t6UZ9krbz0vAJqr92JpcK/lEXg91q6B9pEGqrykkd2EQplnifDSBw==",
      "dev": true,
      "requires": {
        "bl": "^5.0.0",
        "chalk": "^5.0.0",
        "cli-cursor": "^4.0.0",
        "cli-spinners": "^2.6.1",
        "is-interactive": "^2.0.0",
        "is-unicode-supported": "^1.1.0",
        "log-symbols": "^5.1.0",
        "strip-ansi": "^7.0.1",
        "wcwidth": "^1.0.1"
      }
    },
    "path-is-absolute": {
      "version": "1.0.1",
      "resolved": "https://npm.raykite.com/path-is-absolute/-/path-is-absolute-1.0.1.tgz",
      "integrity": "sha1-F0uSaHNVNP+8es5r9TpanhtcX18=",
      "dev": true
    },
    "readable-stream": {
      "version": "3.6.0",
      "resolved": "https://npm.raykite.com/readable-stream/-/readable-stream-3.6.0.tgz",
      "integrity": "sha1-M3u9o63AcGvT4CRCaihtS0sskZg=",
      "dev": true,
      "requires": {
        "inherits": "^2.0.3",
        "string_decoder": "^1.1.1",
        "util-deprecate": "^1.0.1"
      }
    },
    "restore-cursor": {
      "version": "4.0.0",
      "resolved": "https://npm.raykite.com/restore-cursor/-/restore-cursor-4.0.0.tgz",
      "integrity": "sha1-UZVgpDGJdQlt725gnUQQDtqkzLk=",
      "dev": true,
      "requires": {
        "onetime": "^5.1.0",
        "signal-exit": "^3.0.2"
      }
    },
    "safe-buffer": {
      "version": "5.2.1",
      "resolved": "https://npm.raykite.com/safe-buffer/-/safe-buffer-5.2.1.tgz",
      "integrity": "sha1-Hq+fqb2x/dTsdfWPnNtOa3gn7sY=",
      "dev": true
    },
    "safer-buffer": {
      "version": "2.1.2",
      "resolved": "https://npm.raykite.com/safer-buffer/-/safer-buffer-2.1.2.tgz",
      "integrity": "sha1-RPoWGwGHuVSd2Eu5GAL5vYOFzWo=",
      "dev": true
    },
    "scp2": {
      "version": "0.5.0",
      "resolved": "https://npm.raykite.com/scp2/-/scp2-0.5.0.tgz",
      "integrity": "sha512-HzPWuOHM/qVjVYhjmgfBKyUXQsI+9+SdI5l+5E0S98bUHirf1NoTynfrAPb0kr0oJKg/JFdFSlZwq7FnqLttvw==",
      "dev": true,
      "requires": {
        "async": "~0.9.0",
        "glob": "~7.0.3",
        "lodash": "~4.11.1",
        "ssh2": "~0.4.10"
      }
    },
    "signal-exit": {
      "version": "3.0.7",
      "resolved": "https://npm.raykite.com/signal-exit/-/signal-exit-3.0.7.tgz",
      "integrity": "sha512-wnD2ZE+l+SPC/uoS0vXeE9L1+0wuaMqKlfz9AMUo38JsyLSBWSFcHR1Rri62LZc12vLr1gb3jl7iwQhgwpAbGQ==",
      "dev": true
    },
    "ssh2": {
      "version": "0.4.15",
      "resolved": "https://npm.raykite.com/ssh2/-/ssh2-0.4.15.tgz",
      "integrity": "sha1-B8b0EG2fe26m5N9jbGxT8fmBf/g=",
      "dev": true,
      "requires": {
        "readable-stream": "~1.0.0",
        "ssh2-streams": "~0.0.22"
      },
      "dependencies": {
        "readable-stream": {
          "version": "1.0.34",
          "resolved": "https://npm.raykite.com/readable-stream/-/readable-stream-1.0.34.tgz",
          "integrity": "sha1-Elgg40vIQtLyqq+v5MKRbuMsFXw=",
          "dev": true,
          "requires": {
            "core-util-is": "~1.0.0",
            "inherits": "~2.0.1",
            "isarray": "0.0.1",
            "string_decoder": "~0.10.x"
          }
        },
        "string_decoder": {
          "version": "0.10.31",
          "resolved": "https://npm.raykite.com/string_decoder/-/string_decoder-0.10.31.tgz",
          "integrity": "sha1-YuIDvEF2bGwoyfyEMB2rHFMQ+pQ=",
          "dev": true
        }
      }
    },
    "ssh2-streams": {
      "version": "0.0.23",
      "resolved": "https://npm.raykite.com/ssh2-streams/-/ssh2-streams-0.0.23.tgz",
      "integrity": "sha1-ru8wgxu1/Er2qj9tCiYaQTUxYSs=",
      "dev": true,
      "requires": {
        "asn1": "~0.2.0",
        "readable-stream": "~1.0.0",
        "streamsearch": "~0.1.2"
      },
      "dependencies": {
        "readable-stream": {
          "version": "1.0.34",
          "resolved": "https://npm.raykite.com/readable-stream/-/readable-stream-1.0.34.tgz",
          "integrity": "sha1-Elgg40vIQtLyqq+v5MKRbuMsFXw=",
          "dev": true,
          "requires": {
            "core-util-is": "~1.0.0",
            "inherits": "~2.0.1",
            "isarray": "0.0.1",
            "string_decoder": "~0.10.x"
          }
        },
        "string_decoder": {
          "version": "0.10.31",
          "resolved": "https://npm.raykite.com/string_decoder/-/string_decoder-0.10.31.tgz",
          "integrity": "sha1-YuIDvEF2bGwoyfyEMB2rHFMQ+pQ=",
          "dev": true
        }
      }
    },
    "streamsearch": {
      "version": "0.1.2",
      "resolved": "https://npm.raykite.com/streamsearch/-/streamsearch-0.1.2.tgz",
      "integrity": "sha1-gIudDlb8Jz2Am6VzOOkpkZoanxo=",
      "dev": true
    },
    "string_decoder": {
      "version": "1.3.0",
      "resolved": "https://npm.raykite.com/string_decoder/-/string_decoder-1.3.0.tgz",
      "integrity": "sha1-QvEUWUpGzxqOMLCoT1bHjD7awh4=",
      "dev": true,
      "requires": {
        "safe-buffer": "~5.2.0"
      }
    },
    "strip-ansi": {
      "version": "7.0.1",
      "resolved": "https://npm.raykite.com/strip-ansi/-/strip-ansi-7.0.1.tgz",
      "integrity": "sha1-YXQKCM42th5Q5lZT8HBg0ACXX7I=",
      "dev": true,
      "requires": {
        "ansi-regex": "^6.0.1"
      }
    },
    "util-deprecate": {
      "version": "1.0.2",
      "resolved": "https://npm.raykite.com/util-deprecate/-/util-deprecate-1.0.2.tgz",
      "integrity": "sha1-RQ1Nyfpw3nMnYvvS1KKJgUGaDM8=",
      "dev": true
    },
    "wcwidth": {
      "version": "1.0.1",
      "resolved": "https://npm.raykite.com/wcwidth/-/wcwidth-1.0.1.tgz",
      "integrity": "sha1-8LDc+RW8X/FSivrbLA4XtTLaL+g=",
      "dev": true,
      "requires": {
        "defaults": "^1.0.3"
      }
    },
    "wrappy": {
      "version": "1.0.2",
      "resolved": "https://npm.raykite.com/wrappy/-/wrappy-1.0.2.tgz",
      "integrity": "sha1-tSQ9jz7BqjXxNkYFvA0QNuMKtp8=",
      "dev": true
    }
  }
}
